// !$*UTF8*$!
{
	archiveVersion = 1;
	classes = {
	};
	objectVersion = 46;
	objects = {

/* Begin PBXBuildFile section */
		5C100A801F0C299600BD5324 /* Results.swift in Sources */ = {isa = PBXBuildFile; fileRef = 5C100A7F1F0C299600BD5324 /* Results.swift */; };
		5C3BDCE61FEC45B40004CF65 /* MatrixCollectionViewLayout.swift in Sources */ = {isa = PBXBuildFile; fileRef = 5C3BDCE51FEC45B40004CF65 /* MatrixCollectionViewLayout.swift */; };
		5C3BDCEB1FEE37650004CF65 /* Operation.swift in Sources */ = {isa = PBXBuildFile; fileRef = 5C3BDCEA1FEE37650004CF65 /* Operation.swift */; };
		5C3BDCED1FEE392A0004CF65 /* addOperation.swift in Sources */ = {isa = PBXBuildFile; fileRef = 5C3BDCEC1FEE392A0004CF65 /* addOperation.swift */; };
		5C3BDCEF1FEEF3310004CF65 /* SubtractOperation.swift in Sources */ = {isa = PBXBuildFile; fileRef = 5C3BDCEE1FEEF3310004CF65 /* SubtractOperation.swift */; };
		5C3BDCF11FEF8A2F0004CF65 /* ResultMatrixCell.swift in Sources */ = {isa = PBXBuildFile; fileRef = 5C3BDCF01FEF8A2F0004CF65 /* ResultMatrixCell.swift */; };
		5C3BDCF31FEF8BB50004CF65 /* MultiplyOperation.swift in Sources */ = {isa = PBXBuildFile; fileRef = 5C3BDCF21FEF8BB50004CF65 /* MultiplyOperation.swift */; };
		5C4AE1BC1F1AC3AE007574EB /* Matrix.swift in Sources */ = {isa = PBXBuildFile; fileRef = 5C4AE1BB1F1AC3AE007574EB /* Matrix.swift */; };
		5C5F7F6B20019E05005F8E23 /* LoadMatricies.swift in Sources */ = {isa = PBXBuildFile; fileRef = 5C5F7F6A20019E05005F8E23 /* LoadMatricies.swift */; };
		5C5F7F6E2002A497005F8E23 /* MatrixModel.xcdatamodeld in Sources */ = {isa = PBXBuildFile; fileRef = 5C5F7F6C2002A497005F8E23 /* MatrixModel.xcdatamodeld */; };
		5C5F7F702002A756005F8E23 /* MatrixEntity.swift in Sources */ = {isa = PBXBuildFile; fileRef = 5C5F7F6F2002A756005F8E23 /* MatrixEntity.swift */; };
		5C66B8831F0178B500864ED0 /* AppDelegate.swift in Sources */ = {isa = PBXBuildFile; fileRef = 5C66B8821F0178B500864ED0 /* AppDelegate.swift */; };
		5C66B8851F0178B500864ED0 /* MatrixVC.swift in Sources */ = {isa = PBXBuildFile; fileRef = 5C66B8841F0178B500864ED0 /* MatrixVC.swift */; };
		5C66B8881F0178B500864ED0 /* Main.storyboard in Resources */ = {isa = PBXBuildFile; fileRef = 5C66B8861F0178B500864ED0 /* Main.storyboard */; };
		5C66B88D1F0178B500864ED0 /* Assets.xcassets in Resources */ = {isa = PBXBuildFile; fileRef = 5C66B88C1F0178B500864ED0 /* Assets.xcassets */; };
		5C66B8901F0178B500864ED0 /* LaunchScreen.storyboard in Resources */ = {isa = PBXBuildFile; fileRef = 5C66B88E1F0178B500864ED0 /* LaunchScreen.storyboard */; };
		5C66B89B1F0178B500864ED0 /* LinearAlgebraSolverTests.swift in Sources */ = {isa = PBXBuildFile; fileRef = 5C66B89A1F0178B500864ED0 /* LinearAlgebraSolverTests.swift */; };
		5C66B8A61F0178B500864ED0 /* LinearAlgebraSolverUITests.swift in Sources */ = {isa = PBXBuildFile; fileRef = 5C66B8A51F0178B500864ED0 /* LinearAlgebraSolverUITests.swift */; };
		5CCCE4511F019D2D00438FA9 /* matrixCell.swift in Sources */ = {isa = PBXBuildFile; fileRef = 5CCCE4501F019D2D00438FA9 /* matrixCell.swift */; };
		5CCCE4531F01B1DC00438FA9 /* Operations.swift in Sources */ = {isa = PBXBuildFile; fileRef = 5CCCE4521F01B1DC00438FA9 /* Operations.swift */; };
		5CDEC9341FF435990094FEF8 /* InverseOperation.swift in Sources */ = {isa = PBXBuildFile; fileRef = 5CDEC9331FF435990094FEF8 /* InverseOperation.swift */; };
/* End PBXBuildFile section */

/* Begin PBXContainerItemProxy section */
		5C66B8971F0178B500864ED0 /* PBXContainerItemProxy */ = {
			isa = PBXContainerItemProxy;
			containerPortal = 5C66B8771F0178B500864ED0 /* Project object */;
			proxyType = 1;
			remoteGlobalIDString = 5C66B87E1F0178B500864ED0;
			remoteInfo = LinearAlgebraSolver;
		};
		5C66B8A21F0178B500864ED0 /* PBXContainerItemProxy */ = {
			isa = PBXContainerItemProxy;
			containerPortal = 5C66B8771F0178B500864ED0 /* Project object */;
			proxyType = 1;
			remoteGlobalIDString = 5C66B87E1F0178B500864ED0;
			remoteInfo = LinearAlgebraSolver;
		};
/* End PBXContainerItemProxy section */

/* Begin PBXFileReference section */
		5C100A7F1F0C299600BD5324 /* Results.swift */ = {isa = PBXFileReference; fileEncoding = 4; lastKnownFileType = sourcecode.swift; path = Results.swift; sourceTree = "<group>"; };
		5C3BDCE51FEC45B40004CF65 /* MatrixCollectionViewLayout.swift */ = {isa = PBXFileReference; fileEncoding = 4; lastKnownFileType = sourcecode.swift; path = MatrixCollectionViewLayout.swift; sourceTree = "<group>"; };
		5C3BDCEA1FEE37650004CF65 /* Operation.swift */ = {isa = PBXFileReference; fileEncoding = 4; lastKnownFileType = sourcecode.swift; path = Operation.swift; sourceTree = "<group>"; };
		5C3BDCEC1FEE392A0004CF65 /* addOperation.swift */ = {isa = PBXFileReference; fileEncoding = 4; lastKnownFileType = sourcecode.swift; path = addOperation.swift; sourceTree = "<group>"; };
		5C3BDCEE1FEEF3310004CF65 /* SubtractOperation.swift */ = {isa = PBXFileReference; fileEncoding = 4; lastKnownFileType = sourcecode.swift; path = SubtractOperation.swift; sourceTree = "<group>"; };
		5C3BDCF01FEF8A2F0004CF65 /* ResultMatrixCell.swift */ = {isa = PBXFileReference; fileEncoding = 4; lastKnownFileType = sourcecode.swift; path = ResultMatrixCell.swift; sourceTree = "<group>"; };
		5C3BDCF21FEF8BB50004CF65 /* MultiplyOperation.swift */ = {isa = PBXFileReference; fileEncoding = 4; lastKnownFileType = sourcecode.swift; path = MultiplyOperation.swift; sourceTree = "<group>"; };
		5C4AE1BB1F1AC3AE007574EB /* Matrix.swift */ = {isa = PBXFileReference; fileEncoding = 4; lastKnownFileType = sourcecode.swift; path = Matrix.swift; sourceTree = "<group>"; };
		5C5F7F6A20019E05005F8E23 /* LoadMatricies.swift */ = {isa = PBXFileReference; fileEncoding = 4; lastKnownFileType = sourcecode.swift; path = LoadMatricies.swift; sourceTree = "<group>"; };
		5C5F7F6D2002A497005F8E23 /* MatrixModel.xcdatamodel */ = {isa = PBXFileReference; lastKnownFileType = wrapper.xcdatamodel; path = MatrixModel.xcdatamodel; sourceTree = "<group>"; };
		5C5F7F6F2002A756005F8E23 /* MatrixEntity.swift */ = {isa = PBXFileReference; fileEncoding = 4; lastKnownFileType = sourcecode.swift; path = MatrixEntity.swift; sourceTree = "<group>"; };
		5C66B87F1F0178B500864ED0 /* LinearAlgebraSolver.app */ = {isa = PBXFileReference; explicitFileType = wrapper.application; includeInIndex = 0; path = LinearAlgebraSolver.app; sourceTree = BUILT_PRODUCTS_DIR; };
		5C66B8821F0178B500864ED0 /* AppDelegate.swift */ = {isa = PBXFileReference; lastKnownFileType = sourcecode.swift; path = AppDelegate.swift; sourceTree = "<group>"; };
		5C66B8841F0178B500864ED0 /* MatrixVC.swift */ = {isa = PBXFileReference; lastKnownFileType = sourcecode.swift; path = MatrixVC.swift; sourceTree = "<group>"; };
		5C66B8871F0178B500864ED0 /* Base */ = {isa = PBXFileReference; lastKnownFileType = file.storyboard; name = Base; path = Base.lproj/Main.storyboard; sourceTree = "<group>"; };
		5C66B88C1F0178B500864ED0 /* Assets.xcassets */ = {isa = PBXFileReference; lastKnownFileType = folder.assetcatalog; path = Assets.xcassets; sourceTree = "<group>"; };
		5C66B88F1F0178B500864ED0 /* Base */ = {isa = PBXFileReference; lastKnownFileType = file.storyboard; name = Base; path = Base.lproj/LaunchScreen.storyboard; sourceTree = "<group>"; };
		5C66B8911F0178B500864ED0 /* Info.plist */ = {isa = PBXFileReference; lastKnownFileType = text.plist.xml; path = Info.plist; sourceTree = "<group>"; };
		5C66B8961F0178B500864ED0 /* LinearAlgebraSolverTests.xctest */ = {isa = PBXFileReference; explicitFileType = wrapper.cfbundle; includeInIndex = 0; path = LinearAlgebraSolverTests.xctest; sourceTree = BUILT_PRODUCTS_DIR; };
		5C66B89A1F0178B500864ED0 /* LinearAlgebraSolverTests.swift */ = {isa = PBXFileReference; lastKnownFileType = sourcecode.swift; path = LinearAlgebraSolverTests.swift; sourceTree = "<group>"; };
		5C66B89C1F0178B500864ED0 /* Info.plist */ = {isa = PBXFileReference; lastKnownFileType = text.plist.xml; path = Info.plist; sourceTree = "<group>"; };
		5C66B8A11F0178B500864ED0 /* LinearAlgebraSolverUITests.xctest */ = {isa = PBXFileReference; explicitFileType = wrapper.cfbundle; includeInIndex = 0; path = LinearAlgebraSolverUITests.xctest; sourceTree = BUILT_PRODUCTS_DIR; };
		5C66B8A51F0178B500864ED0 /* LinearAlgebraSolverUITests.swift */ = {isa = PBXFileReference; lastKnownFileType = sourcecode.swift; path = LinearAlgebraSolverUITests.swift; sourceTree = "<group>"; };
		5C66B8A71F0178B500864ED0 /* Info.plist */ = {isa = PBXFileReference; lastKnownFileType = text.plist.xml; path = Info.plist; sourceTree = "<group>"; };
		5CCCE4501F019D2D00438FA9 /* matrixCell.swift */ = {isa = PBXFileReference; fileEncoding = 4; lastKnownFileType = sourcecode.swift; path = matrixCell.swift; sourceTree = "<group>"; };
		5CCCE4521F01B1DC00438FA9 /* Operations.swift */ = {isa = PBXFileReference; fileEncoding = 4; lastKnownFileType = sourcecode.swift; path = Operations.swift; sourceTree = "<group>"; };
		5CDEC9331FF435990094FEF8 /* InverseOperation.swift */ = {isa = PBXFileReference; fileEncoding = 4; lastKnownFileType = sourcecode.swift; path = InverseOperation.swift; sourceTree = "<group>"; };
/* End PBXFileReference section */

/* Begin PBXFrameworksBuildPhase section */
		5C66B87C1F0178B500864ED0 /* Frameworks */ = {
			isa = PBXFrameworksBuildPhase;
			buildActionMask = 2147483647;
			files = (
			);
			runOnlyForDeploymentPostprocessing = 0;
		};
		5C66B8931F0178B500864ED0 /* Frameworks */ = {
			isa = PBXFrameworksBuildPhase;
			buildActionMask = 2147483647;
			files = (
			);
			runOnlyForDeploymentPostprocessing = 0;
		};
		5C66B89E1F0178B500864ED0 /* Frameworks */ = {
			isa = PBXFrameworksBuildPhase;
			buildActionMask = 2147483647;
			files = (
			);
			runOnlyForDeploymentPostprocessing = 0;
		};
/* End PBXFrameworksBuildPhase section */

/* Begin PBXGroup section */
		5C3BDCE71FEE36010004CF65 /* Operations */ = {
			isa = PBXGroup;
			children = (
				5C3BDCEA1FEE37650004CF65 /* Operation.swift */,
				5C3BDCEC1FEE392A0004CF65 /* addOperation.swift */,
				5C3BDCEE1FEEF3310004CF65 /* SubtractOperation.swift */,
				5C3BDCF21FEF8BB50004CF65 /* MultiplyOperation.swift */,
				5CDEC9331FF435990094FEF8 /* InverseOperation.swift */,
			);
			name = Operations;
			sourceTree = "<group>";
		};
		5C4AE1BA1F1A7E19007574EB /* ViewControllers */ = {
			isa = PBXGroup;
			children = (
				5C66B8841F0178B500864ED0 /* MatrixVC.swift */,
				5CCCE4521F01B1DC00438FA9 /* Operations.swift */,
				5C100A7F1F0C299600BD5324 /* Results.swift */,
				5C5F7F6A20019E05005F8E23 /* LoadMatricies.swift */,
			);
			name = ViewControllers;
			sourceTree = "<group>";
		};
		5C66B8761F0178B500864ED0 = {
			isa = PBXGroup;
			children = (
				5C66B8811F0178B500864ED0 /* LinearAlgebraSolver */,
				5C66B8991F0178B500864ED0 /* LinearAlgebraSolverTests */,
				5C66B8A41F0178B500864ED0 /* LinearAlgebraSolverUITests */,
				5C66B8801F0178B500864ED0 /* Products */,
			);
			sourceTree = "<group>";
		};
		5C66B8801F0178B500864ED0 /* Products */ = {
			isa = PBXGroup;
			children = (
				5C66B87F1F0178B500864ED0 /* LinearAlgebraSolver.app */,
				5C66B8961F0178B500864ED0 /* LinearAlgebraSolverTests.xctest */,
				5C66B8A11F0178B500864ED0 /* LinearAlgebraSolverUITests.xctest */,
			);
			name = Products;
			sourceTree = "<group>";
		};
		5C66B8811F0178B500864ED0 /* LinearAlgebraSolver */ = {
			isa = PBXGroup;
			children = (
				5C3BDCE71FEE36010004CF65 /* Operations */,
				5C66B8821F0178B500864ED0 /* AppDelegate.swift */,
				5C4AE1BA1F1A7E19007574EB /* ViewControllers */,
				5C66B8861F0178B500864ED0 /* Main.storyboard */,
				5CCCE4501F019D2D00438FA9 /* matrixCell.swift */,
				5C66B88C1F0178B500864ED0 /* Assets.xcassets */,
				5C66B88E1F0178B500864ED0 /* LaunchScreen.storyboard */,
				5C66B8911F0178B500864ED0 /* Info.plist */,
				5C4AE1BB1F1AC3AE007574EB /* Matrix.swift */,
				5C3BDCE51FEC45B40004CF65 /* MatrixCollectionViewLayout.swift */,
				5C3BDCF01FEF8A2F0004CF65 /* ResultMatrixCell.swift */,
				5C5F7F6C2002A497005F8E23 /* MatrixModel.xcdatamodeld */,
				5C5F7F6F2002A756005F8E23 /* MatrixEntity.swift */,
			);
			path = LinearAlgebraSolver;
			sourceTree = "<group>";
		};
		5C66B8991F0178B500864ED0 /* LinearAlgebraSolverTests */ = {
			isa = PBXGroup;
			children = (
				5C66B89A1F0178B500864ED0 /* LinearAlgebraSolverTests.swift */,
				5C66B89C1F0178B500864ED0 /* Info.plist */,
			);
			path = LinearAlgebraSolverTests;
			sourceTree = "<group>";
		};
		5C66B8A41F0178B500864ED0 /* LinearAlgebraSolverUITests */ = {
			isa = PBXGroup;
			children = (
				5C66B8A51F0178B500864ED0 /* LinearAlgebraSolverUITests.swift */,
				5C66B8A71F0178B500864ED0 /* Info.plist */,
			);
			path = LinearAlgebraSolverUITests;
			sourceTree = "<group>";
		};
/* End PBXGroup section */

/* Begin PBXNativeTarget section */
		5C66B87E1F0178B500864ED0 /* LinearAlgebraSolver */ = {
			isa = PBXNativeTarget;
			buildConfigurationList = 5C66B8AA1F0178B500864ED0 /* Build configuration list for PBXNativeTarget "LinearAlgebraSolver" */;
			buildPhases = (
				5C66B87B1F0178B500864ED0 /* Sources */,
				5C66B87C1F0178B500864ED0 /* Frameworks */,
				5C66B87D1F0178B500864ED0 /* Resources */,
			);
			buildRules = (
			);
			dependencies = (
			);
			name = LinearAlgebraSolver;
			productName = LinearAlgebraSolver;
			productReference = 5C66B87F1F0178B500864ED0 /* LinearAlgebraSolver.app */;
			productType = "com.apple.product-type.application";
		};
		5C66B8951F0178B500864ED0 /* LinearAlgebraSolverTests */ = {
			isa = PBXNativeTarget;
			buildConfigurationList = 5C66B8AD1F0178B500864ED0 /* Build configuration list for PBXNativeTarget "LinearAlgebraSolverTests" */;
			buildPhases = (
				5C66B8921F0178B500864ED0 /* Sources */,
				5C66B8931F0178B500864ED0 /* Frameworks */,
				5C66B8941F0178B500864ED0 /* Resources */,
			);
			buildRules = (
			);
			dependencies = (
				5C66B8981F0178B500864ED0 /* PBXTargetDependency */,
			);
			name = LinearAlgebraSolverTests;
			productName = LinearAlgebraSolverTests;
			productReference = 5C66B8961F0178B500864ED0 /* LinearAlgebraSolverTests.xctest */;
			productType = "com.apple.product-type.bundle.unit-test";
		};
		5C66B8A01F0178B500864ED0 /* LinearAlgebraSolverUITests */ = {
			isa = PBXNativeTarget;
			buildConfigurationList = 5C66B8B01F0178B500864ED0 /* Build configuration list for PBXNativeTarget "LinearAlgebraSolverUITests" */;
			buildPhases = (
				5C66B89D1F0178B500864ED0 /* Sources */,
				5C66B89E1F0178B500864ED0 /* Frameworks */,
				5C66B89F1F0178B500864ED0 /* Resources */,
			);
			buildRules = (
			);
			dependencies = (
				5C66B8A31F0178B500864ED0 /* PBXTargetDependency */,
			);
			name = LinearAlgebraSolverUITests;
			productName = LinearAlgebraSolverUITests;
			productReference = 5C66B8A11F0178B500864ED0 /* LinearAlgebraSolverUITests.xctest */;
			productType = "com.apple.product-type.bundle.ui-testing";
		};
/* End PBXNativeTarget section */

/* Begin PBXProject section */
		5C66B8771F0178B500864ED0 /* Project object */ = {
			isa = PBXProject;
			attributes = {
				LastSwiftUpdateCheck = 0820;
				LastUpgradeCheck = 0820;
				ORGANIZATIONNAME = "Mckade Hermansen";
				TargetAttributes = {
					5C66B87E1F0178B500864ED0 = {
						CreatedOnToolsVersion = 8.2.1;
						ProvisioningStyle = Automatic;
					};
					5C66B8951F0178B500864ED0 = {
						CreatedOnToolsVersion = 8.2.1;
						ProvisioningStyle = Automatic;
						TestTargetID = 5C66B87E1F0178B500864ED0;
					};
					5C66B8A01F0178B500864ED0 = {
						CreatedOnToolsVersion = 8.2.1;
						ProvisioningStyle = Automatic;
						TestTargetID = 5C66B87E1F0178B500864ED0;
					};
				};
			};
			buildConfigurationList = 5C66B87A1F0178B500864ED0 /* Build configuration list for PBXProject "LinearAlgebraSolver" */;
			compatibilityVersion = "Xcode 3.2";
			developmentRegion = English;
			hasScannedForEncodings = 0;
			knownRegions = (
				en,
				Base,
			);
			mainGroup = 5C66B8761F0178B500864ED0;
			productRefGroup = 5C66B8801F0178B500864ED0 /* Products */;
			projectDirPath = "";
			projectRoot = "";
			targets = (
				5C66B87E1F0178B500864ED0 /* LinearAlgebraSolver */,
				5C66B8951F0178B500864ED0 /* LinearAlgebraSolverTests */,
				5C66B8A01F0178B500864ED0 /* LinearAlgebraSolverUITests */,
			);
		};
/* End PBXProject section */

/* Begin PBXResourcesBuildPhase section */
		5C66B87D1F0178B500864ED0 /* Resources */ = {
			isa = PBXResourcesBuildPhase;
			buildActionMask = 2147483647;
			files = (
				5C66B8901F0178B500864ED0 /* LaunchScreen.storyboard in Resources */,
				5C66B88D1F0178B500864ED0 /* Assets.xcassets in Resources */,
				5C66B8881F0178B500864ED0 /* Main.storyboard in Resources */,
			);
			runOnlyForDeploymentPostprocessing = 0;
		};
		5C66B8941F0178B500864ED0 /* Resources */ = {
			isa = PBXResourcesBuildPhase;
			buildActionMask = 2147483647;
			files = (
			);
			runOnlyForDeploymentPostprocessing = 0;
		};
		5C66B89F1F0178B500864ED0 /* Resources */ = {
			isa = PBXResourcesBuildPhase;
			buildActionMask = 2147483647;
			files = (
			);
			runOnlyForDeploymentPostprocessing = 0;
		};
/* End PBXResourcesBuildPhase section */

/* Begin PBXSourcesBuildPhase section */
		5C66B87B1F0178B500864ED0 /* Sources */ = {
			isa = PBXSourcesBuildPhase;
			buildActionMask = 2147483647;
			files = (
				5C4AE1BC1F1AC3AE007574EB /* Matrix.swift in Sources */,
				5C100A801F0C299600BD5324 /* Results.swift in Sources */,
				5C3BDCE61FEC45B40004CF65 /* MatrixCollectionViewLayout.swift in Sources */,
				5CCCE4511F019D2D00438FA9 /* matrixCell.swift in Sources */,
				5C5F7F6B20019E05005F8E23 /* LoadMatricies.swift in Sources */,
				5C66B8851F0178B500864ED0 /* MatrixVC.swift in Sources */,
				5C3BDCF11FEF8A2F0004CF65 /* ResultMatrixCell.swift in Sources */,
				5C3BDCEB1FEE37650004CF65 /* Operation.swift in Sources */,
				5C3BDCEF1FEEF3310004CF65 /* SubtractOperation.swift in Sources */,
				5C5F7F6E2002A497005F8E23 /* MatrixModel.xcdatamodeld in Sources */,
				5CDEC9341FF435990094FEF8 /* InverseOperation.swift in Sources */,
				5C66B8831F0178B500864ED0 /* AppDelegate.swift in Sources */,
				5C3BDCF31FEF8BB50004CF65 /* MultiplyOperation.swift in Sources */,
				5C3BDCED1FEE392A0004CF65 /* addOperation.swift in Sources */,
				5CCCE4531F01B1DC00438FA9 /* Operations.swift in Sources */,
				5C5F7F702002A756005F8E23 /* MatrixEntity.swift in Sources */,
			);
			runOnlyForDeploymentPostprocessing = 0;
		};
		5C66B8921F0178B500864ED0 /* Sources */ = {
			isa = PBXSourcesBuildPhase;
			buildActionMask = 2147483647;
			files = (
				5C66B89B1F0178B500864ED0 /* LinearAlgebraSolverTests.swift in Sources */,
			);
			runOnlyForDeploymentPostprocessing = 0;
		};
		5C66B89D1F0178B500864ED0 /* Sources */ = {
			isa = PBXSourcesBuildPhase;
			buildActionMask = 2147483647;
			files = (
				5C66B8A61F0178B500864ED0 /* LinearAlgebraSolverUITests.swift in Sources */,
			);
			runOnlyForDeploymentPostprocessing = 0;
		};
/* End PBXSourcesBuildPhase section */

/* Begin PBXTargetDependency section */
		5C66B8981F0178B500864ED0 /* PBXTargetDependency */ = {
			isa = PBXTargetDependency;
			target = 5C66B87E1F0178B500864ED0 /* LinearAlgebraSolver */;
			targetProxy = 5C66B8971F0178B500864ED0 /* PBXContainerItemProxy */;
		};
		5C66B8A31F0178B500864ED0 /* PBXTargetDependency */ = {
			isa = PBXTargetDependency;
			target = 5C66B87E1F0178B500864ED0 /* LinearAlgebraSolver */;
			targetProxy = 5C66B8A21F0178B500864ED0 /* PBXContainerItemProxy */;
		};
/* End PBXTargetDependency section */

/* Begin PBXVariantGroup section */
		5C66B8861F0178B500864ED0 /* Main.storyboard */ = {
			isa = PBXVariantGroup;
			children = (
				5C66B8871F0178B500864ED0 /* Base */,
			);
			name = Main.storyboard;
			sourceTree = "<group>";
		};
		5C66B88E1F0178B500864ED0 /* LaunchScreen.storyboard */ = {
			isa = PBXVariantGroup;
			children = (
				5C66B88F1F0178B500864ED0 /* Base */,
			);
			name = LaunchScreen.storyboard;
			sourceTree = "<group>";
		};
/* End PBXVariantGroup section */

/* Begin XCBuildConfiguration section */
		5C66B8A81F0178B500864ED0 /* Debug */ = {
			isa = XCBuildConfiguration;
			buildSettings = {
				ALWAYS_SEARCH_USER_PATHS = NO;
				CLANG_ANALYZER_NONNULL = YES;
				CLANG_CXX_LANGUAGE_STANDARD = "gnu++0x";
				CLANG_CXX_LIBRARY = "libc++";
				CLANG_ENABLE_MODULES = YES;
				CLANG_ENABLE_OBJC_ARC = YES;
				CLANG_WARN_BOOL_CONVERSION = YES;
				CLANG_WARN_CONSTANT_CONVERSION = YES;
				CLANG_WARN_DIRECT_OBJC_ISA_USAGE = YES_ERROR;
				CLANG_WARN_DOCUMENTATION_COMMENTS = YES;
				CLANG_WARN_EMPTY_BODY = YES;
				CLANG_WARN_ENUM_CONVERSION = YES;
				CLANG_WARN_INFINITE_RECURSION = YES;
				CLANG_WARN_INT_CONVERSION = YES;
				CLANG_WARN_OBJC_ROOT_CLASS = YES_ERROR;
				CLANG_WARN_SUSPICIOUS_MOVE = YES;
				CLANG_WARN_UNREACHABLE_CODE = YES;
				CLANG_WARN__DUPLICATE_METHOD_MATCH = YES;
				"CODE_SIGN_IDENTITY[sdk=iphoneos*]" = "iPhone Developer";
				COPY_PHASE_STRIP = NO;
				DEBUG_INFORMATION_FORMAT = dwarf;
				ENABLE_STRICT_OBJC_MSGSEND = YES;
				ENABLE_TESTABILITY = YES;
				GCC_C_LANGUAGE_STANDARD = gnu99;
				GCC_DYNAMIC_NO_PIC = NO;
				GCC_NO_COMMON_BLOCKS = YES;
				GCC_OPTIMIZATION_LEVEL = 0;
				GCC_PREPROCESSOR_DEFINITIONS = (
					"DEBUG=1",
					"$(inherited)",
				);
				GCC_WARN_64_TO_32_BIT_CONVERSION = YES;
				GCC_WARN_ABOUT_RETURN_TYPE = YES_ERROR;
				GCC_WARN_UNDECLARED_SELECTOR = YES;
				GCC_WARN_UNINITIALIZED_AUTOS = YES_AGGRESSIVE;
				GCC_WARN_UNUSED_FUNCTION = YES;
				GCC_WARN_UNUSED_VARIABLE = YES;
				IPHONEOS_DEPLOYMENT_TARGET = 10.2;
				MTL_ENABLE_DEBUG_INFO = YES;
				ONLY_ACTIVE_ARCH = YES;
				SDKROOT = iphoneos;
				SWIFT_ACTIVE_COMPILATION_CONDITIONS = DEBUG;
				SWIFT_OPTIMIZATION_LEVEL = "-Onone";
				TARGETED_DEVICE_FAMILY = "1,2";
			};
			name = Debug;
		};
		5C66B8A91F0178B500864ED0 /* Release */ = {
			isa = XCBuildConfiguration;
			buildSettings = {
				ALWAYS_SEARCH_USER_PATHS = NO;
				CLANG_ANALYZER_NONNULL = YES;
				CLANG_CXX_LANGUAGE_STANDARD = "gnu++0x";
				CLANG_CXX_LIBRARY = "libc++";
				CLANG_ENABLE_MODULES = YES;
				CLANG_ENABLE_OBJC_ARC = YES;
				CLANG_WARN_BOOL_CONVERSION = YES;
				CLANG_WARN_CONSTANT_CONVERSION = YES;
				CLANG_WARN_DIRECT_OBJC_ISA_USAGE = YES_ERROR;
				CLANG_WARN_DOCUMENTATION_COMMENTS = YES;
				CLANG_WARN_EMPTY_BODY = YES;
				CLANG_WARN_ENUM_CONVERSION = YES;
				CLANG_WARN_INFINITE_RECURSION = YES;
				CLANG_WARN_INT_CONVERSION = YES;
				CLANG_WARN_OBJC_ROOT_CLASS = YES_ERROR;
				CLANG_WARN_SUSPICIOUS_MOVE = YES;
				CLANG_WARN_UNREACHABLE_CODE = YES;
				CLANG_WARN__DUPLICATE_METHOD_MATCH = YES;
				"CODE_SIGN_IDENTITY[sdk=iphoneos*]" = "iPhone Developer";
				COPY_PHASE_STRIP = NO;
				DEBUG_INFORMATION_FORMAT = "dwarf-with-dsym";
				ENABLE_NS_ASSERTIONS = NO;
				ENABLE_STRICT_OBJC_MSGSEND = YES;
				GCC_C_LANGUAGE_STANDARD = gnu99;
				GCC_NO_COMMON_BLOCKS = YES;
				GCC_WARN_64_TO_32_BIT_CONVERSION = YES;
				GCC_WARN_ABOUT_RETURN_TYPE = YES_ERROR;
				GCC_WARN_UNDECLARED_SELECTOR = YES;
				GCC_WARN_UNINITIALIZED_AUTOS = YES_AGGRESSIVE;
				GCC_WARN_UNUSED_FUNCTION = YES;
				GCC_WARN_UNUSED_VARIABLE = YES;
				IPHONEOS_DEPLOYMENT_TARGET = 10.2;
				MTL_ENABLE_DEBUG_INFO = NO;
				SDKROOT = iphoneos;
				SWIFT_OPTIMIZATION_LEVEL = "-Owholemodule";
				TARGETED_DEVICE_FAMILY = "1,2";
				VALIDATE_PRODUCT = YES;
			};
			name = Release;
		};
		5C66B8AB1F0178B500864ED0 /* Debug */ = {
			isa = XCBuildConfiguration;
			buildSettings = {
				ASSETCATALOG_COMPILER_APPICON_NAME = AppIcon;
				INFOPLIST_FILE = LinearAlgebraSolver/Info.plist;
				LD_RUNPATH_SEARCH_PATHS = "$(inherited) @executable_path/Frameworks";
				PRODUCT_BUNDLE_IDENTIFIER = v1.LinearAlgebraSolver;
				PRODUCT_NAME = "$(TARGET_NAME)";
				SWIFT_VERSION = 3.0;
			};
			name = Debug;
		};
		5C66B8AC1F0178B500864ED0 /* Release */ = {
			isa = XCBuildConfiguration;
			buildSettings = {
				ASSETCATALOG_COMPILER_APPICON_NAME = AppIcon;
				INFOPLIST_FILE = LinearAlgebraSolver/Info.plist;
				LD_RUNPATH_SEARCH_PATHS = "$(inherited) @executable_path/Frameworks";
				PRODUCT_BUNDLE_IDENTIFIER = v1.LinearAlgebraSolver;
				PRODUCT_NAME = "$(TARGET_NAME)";
				SWIFT_VERSION = 3.0;
			};
			name = Release;
		};
		5C66B8AE1F0178B500864ED0 /* Debug */ = {
			isa = XCBuildConfiguration;
			buildSettings = {
				ALWAYS_EMBED_SWIFT_STANDARD_LIBRARIES = YES;
				BUNDLE_LOADER = "$(TEST_HOST)";
				INFOPLIST_FILE = LinearAlgebraSolverTests/Info.plist;
				LD_RUNPATH_SEARCH_PATHS = "$(inherited) @executable_path/Frameworks @loader_path/Frameworks";
				PRODUCT_BUNDLE_IDENTIFIER = v1.LinearAlgebraSolverTests;
				PRODUCT_NAME = "$(TARGET_NAME)";
				SWIFT_VERSION = 3.0;
				TEST_HOST = "$(BUILT_PRODUCTS_DIR)/LinearAlgebraSolver.app/LinearAlgebraSolver";
			};
			name = Debug;
		};
		5C66B8AF1F0178B500864ED0 /* Release */ = {
			isa = XCBuildConfiguration;
			buildSettings = {
				ALWAYS_EMBED_SWIFT_STANDARD_LIBRARIES = YES;
				BUNDLE_LOADER = "$(TEST_HOST)";
				INFOPLIST_FILE = LinearAlgebraSolverTests/Info.plist;
				LD_RUNPATH_SEARCH_PATHS = "$(inherited) @executable_path/Frameworks @loader_path/Frameworks";
				PRODUCT_BUNDLE_IDENTIFIER = v1.LinearAlgebraSolverTests;
				PRODUCT_NAME = "$(TARGET_NAME)";
				SWIFT_VERSION = 3.0;
				TEST_HOST = "$(BUILT_PRODUCTS_DIR)/LinearAlgebraSolver.app/LinearAlgebraSolver";
			};
			name = Release;
		};
		5C66B8B11F0178B500864ED0 /* Debug */ = {
			isa = XCBuildConfiguration;
			buildSettings = {
				ALWAYS_EMBED_SWIFT_STANDARD_LIBRARIES = YES;
				INFOPLIST_FILE = LinearAlgebraSolverUITests/Info.plist;
				LD_RUNPATH_SEARCH_PATHS = "$(inherited) @executable_path/Frameworks @loader_path/Frameworks";
				PRODUCT_BUNDLE_IDENTIFIER = v1.LinearAlgebraSolverUITests;
				PRODUCT_NAME = "$(TARGET_NAME)";
				SWIFT_VERSION = 3.0;
				TEST_TARGET_NAME = LinearAlgebraSolver;
			};
			name = Debug;
		};
		5C66B8B21F0178B500864ED0 /* Release */ = {
			isa = XCBuildConfiguration;
			buildSettings = {
				ALWAYS_EMBED_SWIFT_STANDARD_LIBRARIES = YES;
				INFOPLIST_FILE = LinearAlgebraSolverUITests/Info.plist;
				LD_RUNPATH_SEARCH_PATHS = "$(inherited) @executable_path/Frameworks @loader_path/Frameworks";
				PRODUCT_BUNDLE_IDENTIFIER = v1.LinearAlgebraSolverUITests;
				PRODUCT_NAME = "$(TARGET_NAME)";
				SWIFT_VERSION = 3.0;
				TEST_TARGET_NAME = LinearAlgebraSolver;
			};
			name = Release;
		};
/* End XCBuildConfiguration section */

/* Begin XCConfigurationList section */
		5C66B87A1F0178B500864ED0 /* Build configuration list for PBXProject "LinearAlgebraSolver" */ = {
			isa = XCConfigurationList;
			buildConfigurations = (
				5C66B8A81F0178B500864ED0 /* Debug */,
				5C66B8A91F0178B500864ED0 /* Release */,
			);
			defaultConfigurationIsVisible = 0;
			defaultConfigurationName = Release;
		};
		5C66B8AA1F0178B500864ED0 /* Build configuration list for PBXNativeTarget "LinearAlgebraSolver" */ = {
			isa = XCConfigurationList;
			buildConfigurations = (
				5C66B8AB1F0178B500864ED0 /* Debug */,
				5C66B8AC1F0178B500864ED0 /* Release */,
			);
			defaultConfigurationIsVisible = 0;
			defaultConfigurationName = Release;
		};
		5C66B8AD1F0178B500864ED0 /* Build configuration list for PBXNativeTarget "LinearAlgebraSolverTests" */ = {
			isa = XCConfigurationList;
			buildConfigurations = (
				5C66B8AE1F0178B500864ED0 /* Debug */,
				5C66B8AF1F0178B500864ED0 /* Release */,
			);
			defaultConfigurationIsVisible = 0;
			defaultConfigurationName = Release;
		};
		5C66B8B01F0178B500864ED0 /* Build configuration list for PBXNativeTarget "LinearAlgebraSolverUITests" */ = {
			isa = XCConfigurationList;
			buildConfigurations = (
				5C66B8B11F0178B500864ED0 /* Debug */,
				5C66B8B21F0178B500864ED0 /* Release */,
			);
			defaultConfigurationIsVisible = 0;
			defaultConfigurationName = Release;
		};
/* End XCConfigurationList section */

/* Begin XCVersionGroup section */
		5C5F7F6C2002A497005F8E23 /* MatrixModel.xcdatamodeld */ = {
			isa = XCVersionGroup;
			children = (
				5C5F7F6D2002A497005F8E23 /* MatrixModel.xcdatamodel */,
			);
			currentVersion = 5C5F7F6D2002A497005F8E23 /* MatrixModel.xcdatamodel */;
			path = MatrixModel.xcdatamodeld;
			sourceTree = "<group>";
			versionGroupType = wrapper.xcdatamodel;
		};
/* End XCVersionGroup section */
	};
	rootObject = 5C66B8771F0178B500864ED0 /* Project object */;
}
